
Microsoft Visual Studio Solution File, Format Version 11.00
# Visual Studio 2010
Project("{FAE04EC0-301F-11D3-BF4B-00C04F79EFBC}") = "DobrisaCesaric.DomainModel", "DobrisaCesaric.Model\DobrisaCesaric.DomainModel.csproj", "{CA519C1B-28FA-4CC2-B235-70EC87666570}"
EndProject
Project("{FAE04EC0-301F-11D3-BF4B-00C04F79EFBC}") = "DobrisaCesaric.DomainTest", "DobrisaCesaric.DomainTest\DobrisaCesaric.DomainTest.csproj", "{E9CB3746-B477-47E5-8932-206244BFEF2F}"
EndProject
Project("{2150E333-8FDC-42A3-9474-1A3956D46DE8}") = "Solution Items", "Solution Items", "{5E6E35C2-295B-48BB-9CB2-5425E8CF80FF}"
	ProjectSection(SolutionItems) = preProject
		DobrisaCesaric.vsmdi = DobrisaCesaric.vsmdi
		Local.testsettings = Local.testsettings
		TraceAndTestImpact.testsettings = TraceAndTestImpact.testsettings
	EndProjectSection
EndProject
Project("{FAE04EC0-301F-11D3-BF4B-00C04F79EFBC}") = "DobrisaCesaric.Utility", "Utility\DobrisaCesaric.Utility.csproj", "{5F8ADDA6-B43F-49EF-AA21-81F6BBBFC611}"
EndProject
Project("{FAE04EC0-301F-11D3-BF4B-00C04F79EFBC}") = "DobrisaCesaric.Controller", "DobrisaCesaric.Controller\DobrisaCesaric.Controller.csproj", "{3DB3107B-6B7D-4066-BF38-428503F3E29B}"
EndProject
Project("{FAE04EC0-301F-11D3-BF4B-00C04F79EFBC}") = "DobrisaCesaric.View", "DobrisaCesaric.View\DobrisaCesaric.View.csproj", "{79253C68-6D5D-40A6-8213-46C7F5C9656F}"
EndProject
Global
	GlobalSection(TestCaseManagementSettings) = postSolution
		CategoryFile = DobrisaCesaric.vsmdi
	EndGlobalSection
	GlobalSection(SolutionConfigurationPlatforms) = preSolution
		Debug|Any CPU = Debug|Any CPU
		Debug|Mixed Platforms = Debug|Mixed Platforms
		Debug|x86 = Debug|x86
		Release|Any CPU = Release|Any CPU
		Release|Mixed Platforms = Release|Mixed Platforms
		Release|x86 = Release|x86
	EndGlobalSection
	GlobalSection(ProjectConfigurationPlatforms) = postSolution
		{CA519C1B-28FA-4CC2-B235-70EC87666570}.Debug|Any CPU.ActiveCfg = Debug|Any CPU
		{CA519C1B-28FA-4CC2-B235-70EC87666570}.Debug|Any CPU.Build.0 = Debug|Any CPU
		{CA519C1B-28FA-4CC2-B235-70EC87666570}.Debug|Mixed Platforms.ActiveCfg = Debug|Any CPU
		{CA519C1B-28FA-4CC2-B235-70EC87666570}.Debug|Mixed Platforms.Build.0 = Debug|Any CPU
		{CA519C1B-28FA-4CC2-B235-70EC87666570}.Debug|x86.ActiveCfg = Debug|Any CPU
		{CA519C1B-28FA-4CC2-B235-70EC87666570}.Release|Any CPU.ActiveCfg = Release|Any CPU
		{CA519C1B-28FA-4CC2-B235-70EC87666570}.Release|Any CPU.Build.0 = Release|Any CPU
		{CA519C1B-28FA-4CC2-B235-70EC87666570}.Release|Mixed Platforms.ActiveCfg = Release|Any CPU
		{CA519C1B-28FA-4CC2-B235-70EC87666570}.Release|Mixed Platforms.Build.0 = Release|Any CPU
		{CA519C1B-28FA-4CC2-B235-70EC87666570}.Release|x86.ActiveCfg = Release|Any CPU
		{E9CB3746-B477-47E5-8932-206244BFEF2F}.Debug|Any CPU.ActiveCfg = Debug|Any CPU
		{E9CB3746-B477-47E5-8932-206244BFEF2F}.Debug|Any CPU.Build.0 = Debug|Any CPU
		{E9CB3746-B477-47E5-8932-206244BFEF2F}.Debug|Mixed Platforms.ActiveCfg = Debug|Any CPU
		{E9CB3746-B477-47E5-8932-206244BFEF2F}.Debug|Mixed Platforms.Build.0 = Debug|Any CPU
		{E9CB3746-B477-47E5-8932-206244BFEF2F}.Debug|x86.ActiveCfg = Debug|Any CPU
		{E9CB3746-B477-47E5-8932-206244BFEF2F}.Release|Any CPU.ActiveCfg = Release|Any CPU
		{E9CB3746-B477-47E5-8932-206244BFEF2F}.Release|Any CPU.Build.0 = Release|Any CPU
		{E9CB3746-B477-47E5-8932-206244BFEF2F}.Release|Mixed Platforms.ActiveCfg = Release|Any CPU
		{E9CB3746-B477-47E5-8932-206244BFEF2F}.Release|Mixed Platforms.Build.0 = Release|Any CPU
		{E9CB3746-B477-47E5-8932-206244BFEF2F}.Release|x86.ActiveCfg = Release|Any CPU
		{5F8ADDA6-B43F-49EF-AA21-81F6BBBFC611}.Debug|Any CPU.ActiveCfg = Debug|Any CPU
		{5F8ADDA6-B43F-49EF-AA21-81F6BBBFC611}.Debug|Any CPU.Build.0 = Debug|Any CPU
		{5F8ADDA6-B43F-49EF-AA21-81F6BBBFC611}.Debug|Mixed Platforms.ActiveCfg = Debug|Any CPU
		{5F8ADDA6-B43F-49EF-AA21-81F6BBBFC611}.Debug|Mixed Platforms.Build.0 = Debug|Any CPU
		{5F8ADDA6-B43F-49EF-AA21-81F6BBBFC611}.Debug|x86.ActiveCfg = Debug|Any CPU
		{5F8ADDA6-B43F-49EF-AA21-81F6BBBFC611}.Release|Any CPU.ActiveCfg = Release|Any CPU
		{5F8ADDA6-B43F-49EF-AA21-81F6BBBFC611}.Release|Any CPU.Build.0 = Release|Any CPU
		{5F8ADDA6-B43F-49EF-AA21-81F6BBBFC611}.Release|Mixed Platforms.ActiveCfg = Release|Any CPU
		{5F8ADDA6-B43F-49EF-AA21-81F6BBBFC611}.Release|Mixed Platforms.Build.0 = Release|Any CPU
		{5F8ADDA6-B43F-49EF-AA21-81F6BBBFC611}.Release|x86.ActiveCfg = Release|Any CPU
		{3DB3107B-6B7D-4066-BF38-428503F3E29B}.Debug|Any CPU.ActiveCfg = Debug|Any CPU
		{3DB3107B-6B7D-4066-BF38-428503F3E29B}.Debug|Any CPU.Build.0 = Debug|Any CPU
		{3DB3107B-6B7D-4066-BF38-428503F3E29B}.Debug|Mixed Platforms.ActiveCfg = Debug|Any CPU
		{3DB3107B-6B7D-4066-BF38-428503F3E29B}.Debug|Mixed Platforms.Build.0 = Debug|Any CPU
		{3DB3107B-6B7D-4066-BF38-428503F3E29B}.Debug|x86.ActiveCfg = Debug|Any CPU
		{3DB3107B-6B7D-4066-BF38-428503F3E29B}.Release|Any CPU.ActiveCfg = Release|Any CPU
		{3DB3107B-6B7D-4066-BF38-428503F3E29B}.Release|Any CPU.Build.0 = Release|Any CPU
		{3DB3107B-6B7D-4066-BF38-428503F3E29B}.Release|Mixed Platforms.ActiveCfg = Release|Any CPU
		{3DB3107B-6B7D-4066-BF38-428503F3E29B}.Release|Mixed Platforms.Build.0 = Release|Any CPU
		{3DB3107B-6B7D-4066-BF38-428503F3E29B}.Release|x86.ActiveCfg = Release|Any CPU
		{79253C68-6D5D-40A6-8213-46C7F5C9656F}.Debug|Any CPU.ActiveCfg = Debug|x86
		{79253C68-6D5D-40A6-8213-46C7F5C9656F}.Debug|Mixed Platforms.ActiveCfg = Debug|x86
		{79253C68-6D5D-40A6-8213-46C7F5C9656F}.Debug|Mixed Platforms.Build.0 = Debug|x86
		{79253C68-6D5D-40A6-8213-46C7F5C9656F}.Debug|x86.ActiveCfg = Debug|x86
		{79253C68-6D5D-40A6-8213-46C7F5C9656F}.Debug|x86.Build.0 = Debug|x86
		{79253C68-6D5D-40A6-8213-46C7F5C9656F}.Release|Any CPU.ActiveCfg = Release|x86
		{79253C68-6D5D-40A6-8213-46C7F5C9656F}.Release|Mixed Platforms.ActiveCfg = Release|x86
		{79253C68-6D5D-40A6-8213-46C7F5C9656F}.Release|Mixed Platforms.Build.0 = Release|x86
		{79253C68-6D5D-40A6-8213-46C7F5C9656F}.Release|x86.ActiveCfg = Release|x86
		{79253C68-6D5D-40A6-8213-46C7F5C9656F}.Release|x86.Build.0 = Release|x86
	EndGlobalSection
	GlobalSection(SolutionProperties) = preSolution
		HideSolutionNode = FALSE
	EndGlobalSection
EndGlobal
